
Microsoft Visual Studio Solution File, Format Version 12.00
# Visual Studio Version 17
VisualStudioVersion = 17.11.35222.181
MinimumVisualStudioVersion = 10.0.40219.1
Project("{FAE04EC0-301F-11D3-BF4B-00C04F79EFBC}") = "IKF_Pranay_Task", "IKF_Pranay_Task.csproj", "{D0F0393F-9820-4A8D-82BE-16FCF76EA601}"
EndProject
Global
	GlobalSection(SolutionConfigurationPlatforms) = preSolution
		Debug|Any CPU = Debug|Any CPU
		Release|Any CPU = Release|Any CPU
	EndGlobalSection
	GlobalSection(ProjectConfigurationPlatforms) = postSolution
		{D0F0393F-9820-4A8D-82BE-16FCF76EA601}.Debug|Any CPU.ActiveCfg = Debug|Any CPU
		{D0F0393F-9820-4A8D-82BE-16FCF76EA601}.Debug|Any CPU.Build.0 = Debug|Any CPU
		{D0F0393F-9820-4A8D-82BE-16FCF76EA601}.Release|Any CPU.ActiveCfg = Release|Any CPU
		{D0F0393F-9820-4A8D-82BE-16FCF76EA601}.Release|Any CPU.Build.0 = Release|Any CPU
	EndGlobalSection
	GlobalSection(SolutionProperties) = preSolution
		HideSolutionNode = FALSE
	EndGlobalSection
	GlobalSection(ExtensibilityGlobals) = postSolution
		SolutionGuid = {E486B43E-3E54-4FF7-9678-3E2576D71526}
	EndGlobalSection
EndGlobal
